// !$*UTF8*$!
{
	archiveVersion = 1;
	classes = {
	};
	objectVersion = 56;
	objects = {

/* Begin PBXBuildFile section */
		B406D8F32D7369F100C82508 /* Main.swift in Sources */ = {isa = PBXBuildFile; fileRef = B406D8F22D7369F100C82508 /* Main.swift */; };
		B406D8F52D7369F100C82508 /* SplashView.swift in Sources */ = {isa = PBXBuildFile; fileRef = B406D8F42D7369F100C82508 /* SplashView.swift */; };
		B406D8F92D7369F200C82508 /* Assets.xcassets in Resources */ = {isa = PBXBuildFile; fileRef = B406D8F82D7369F200C82508 /* Assets.xcassets */; };
		B406D8FC2D7369F200C82508 /* Preview Assets.xcassets in Resources */ = {isa = PBXBuildFile; fileRef = B406D8FB2D7369F200C82508 /* Preview Assets.xcassets */; };
		B406D9062D7369F300C82508 /* WeatherWeatherLangTests.swift in Sources */ = {isa = PBXBuildFile; fileRef = B406D9052D7369F300C82508 /* WeatherWeatherLangTests.swift */; };
		B406D9102D7369F300C82508 /* WeatherWeatherLangUITests.swift in Sources */ = {isa = PBXBuildFile; fileRef = B406D90F2D7369F300C82508 /* WeatherWeatherLangUITests.swift */; };
		B406D9122D7369F300C82508 /* WeatherWeatherLangUITestsLaunchTests.swift in Sources */ = {isa = PBXBuildFile; fileRef = B406D9112D7369F300C82508 /* WeatherWeatherLangUITestsLaunchTests.swift */; };
		B406D9252D736ADC00C82508 /* Swinject in Frameworks */ = {isa = PBXBuildFile; productRef = B406D9242D736ADC00C82508 /* Swinject */; };
		B406D9292D73710900C82508 /* API.swift in Sources */ = {isa = PBXBuildFile; fileRef = B406D9282D73710900C82508 /* API.swift */; };
		B406D92B2D7371A200C82508 /* WeatherForecastResponse.swift in Sources */ = {isa = PBXBuildFile; fileRef = B406D92A2D7371A200C82508 /* WeatherForecastResponse.swift */; };
		B406D9302D7372FE00C82508 /* DashboardView.swift in Sources */ = {isa = PBXBuildFile; fileRef = B406D92F2D7372FE00C82508 /* DashboardView.swift */; };
		B406D9352D7373A300C82508 /* DependencyInjectionInitializer.swift in Sources */ = {isa = PBXBuildFile; fileRef = B406D9342D7373A300C82508 /* DependencyInjectionInitializer.swift */; };
		B406D93A2D73787000C82508 /* Lottie in Frameworks */ = {isa = PBXBuildFile; productRef = B406D9392D73787000C82508 /* Lottie */; };
		B406D9452D738A8A00C82508 /* NavigationTransitions in Frameworks */ = {isa = PBXBuildFile; productRef = B406D9442D738A8A00C82508 /* NavigationTransitions */; };
		B406D94A2D73906000C82508 /* Coordinator.swift in Sources */ = {isa = PBXBuildFile; fileRef = B406D9492D73906000C82508 /* Coordinator.swift */; };
		B40727142D73ADDB00A05191 /* .swiftlint.yml in Resources */ = {isa = PBXBuildFile; fileRef = B40727132D73ADDB00A05191 /* .swiftlint.yml */; };
		B419E7892D73990600FA3C01 /* Routes.swift in Sources */ = {isa = PBXBuildFile; fileRef = B419E7882D73990600FA3C01 /* Routes.swift */; };
		B419E78E2D73A2D800FA3C01 /* Images.swift in Sources */ = {isa = PBXBuildFile; fileRef = B419E78D2D73A2D800FA3C01 /* Images.swift */; };
		B419E7912D73A31000FA3C01 /* Lottie.swift in Sources */ = {isa = PBXBuildFile; fileRef = B419E7902D73A31000FA3C01 /* Lottie.swift */; };
		B419E7932D73A36700FA3C01 /* Colors.swift in Sources */ = {isa = PBXBuildFile; fileRef = B419E7922D73A36700FA3C01 /* Colors.swift */; };
		B419E79D2D73A70A00FA3C01 /* README.md in Resources */ = {isa = PBXBuildFile; fileRef = B419E79C2D73A70A00FA3C01 /* README.md */; };
		B45FE0092D73B4A000D5035E /* HourlyForecast.swift in Sources */ = {isa = PBXBuildFile; fileRef = B45FE0082D73B4A000D5035E /* HourlyForecast.swift */; };
		B45FE00B2D73B4BA00D5035E /* DailyForecast.swift in Sources */ = {isa = PBXBuildFile; fileRef = B45FE00A2D73B4BA00D5035E /* DailyForecast.swift */; };
		B4897BBC2D784BDC006278A0 /* WeatherForecast.swift in Sources */ = {isa = PBXBuildFile; fileRef = B4897BBB2D784BDC006278A0 /* WeatherForecast.swift */; };
		B4897BBE2D784FF8006278A0 /* LoadingView.swift in Sources */ = {isa = PBXBuildFile; fileRef = B4897BBD2D784FF8006278A0 /* LoadingView.swift */; };
		B48C44C22D75D54A00A63EDF /* GetWeatherUsecase.swift in Sources */ = {isa = PBXBuildFile; fileRef = B48C44C12D75D54A00A63EDF /* GetWeatherUsecase.swift */; };
		B48C44C42D75D68900A63EDF /* DependencyInjectionInitializer+usecase.swift in Sources */ = {isa = PBXBuildFile; fileRef = B48C44C32D75D68900A63EDF /* DependencyInjectionInitializer+usecase.swift */; };
		B48C44C62D75D6B700A63EDF /* DependencyInjectionInitializer+API.swift in Sources */ = {isa = PBXBuildFile; fileRef = B48C44C52D75D6B700A63EDF /* DependencyInjectionInitializer+API.swift */; };
		B48C44C92D75DA6A00A63EDF /* OpenMeteoRepository.swift in Sources */ = {isa = PBXBuildFile; fileRef = B48C44C82D75DA6A00A63EDF /* OpenMeteoRepository.swift */; };
		B48C44CB2D75DBF600A63EDF /* DependencyInjectionInitializer+Repository.swift in Sources */ = {isa = PBXBuildFile; fileRef = B48C44CA2D75DBF600A63EDF /* DependencyInjectionInitializer+Repository.swift */; };
		B48C44CE2D75DC4500A63EDF /* OpenMeteoRepositoryImplementation.swift in Sources */ = {isa = PBXBuildFile; fileRef = B48C44CD2D75DC4500A63EDF /* OpenMeteoRepositoryImplementation.swift */; };
		B48C44D02D75E49A00A63EDF /* WeatherRequest.swift in Sources */ = {isa = PBXBuildFile; fileRef = B48C44CF2D75E49A00A63EDF /* WeatherRequest.swift */; };
		B48C9CEA2D74531C00CBC9C7 /* NotSafeView.swift in Sources */ = {isa = PBXBuildFile; fileRef = B48C9CE92D74531C00CBC9C7 /* NotSafeView.swift */; };
		B48C9CEE2D7454AA00CBC9C7 /* JailbreakDetection.swift in Sources */ = {isa = PBXBuildFile; fileRef = B48C9CED2D7454AA00CBC9C7 /* JailbreakDetection.swift */; };
		B48C9CF02D745BB500CBC9C7 /* DashboardViewModel.swift in Sources */ = {isa = PBXBuildFile; fileRef = B48C9CEF2D745BB500CBC9C7 /* DashboardViewModel.swift */; };
		B491B06B2D7493EC004423B0 /* DependencyInjectionInitializer+viewmodel.swift in Sources */ = {isa = PBXBuildFile; fileRef = B491B06A2D7493EC004423B0 /* DependencyInjectionInitializer+viewmodel.swift */; };
		B496D5F92D773CD60049A46C /* DependencyInjectionError.swift in Sources */ = {isa = PBXBuildFile; fileRef = B496D5F82D773CD60049A46C /* DependencyInjectionError.swift */; };
		B49ADD352D74BCD8001937B0 /* DarkTheme.swift in Sources */ = {isa = PBXBuildFile; fileRef = B49ADD312D74BCD8001937B0 /* DarkTheme.swift */; };
		B49ADD362D74BCD8001937B0 /* ThemeManager.swift in Sources */ = {isa = PBXBuildFile; fileRef = B49ADD322D74BCD8001937B0 /* ThemeManager.swift */; };
		B49ADD372D74BCD8001937B0 /* LightTheme.swift in Sources */ = {isa = PBXBuildFile; fileRef = B49ADD332D74BCD8001937B0 /* LightTheme.swift */; };
		B49ADD382D74BCD8001937B0 /* Theme.swift in Sources */ = {isa = PBXBuildFile; fileRef = B49ADD342D74BCD8001937B0 /* Theme.swift */; };
		B4A2FA442D74ABAE00D21E71 /* splash.json in Resources */ = {isa = PBXBuildFile; fileRef = B4A2FA432D74ABAE00D21E71 /* splash.json */; };
/* End PBXBuildFile section */

/* Begin PBXContainerItemProxy section */
		B406D9022D7369F300C82508 /* PBXContainerItemProxy */ = {
			isa = PBXContainerItemProxy;
			containerPortal = B406D8E72D7369F100C82508 /* Project object */;
			proxyType = 1;
			remoteGlobalIDString = B406D8EE2D7369F100C82508;
			remoteInfo = WeatherWeatherLang;
		};
		B406D90C2D7369F300C82508 /* PBXContainerItemProxy */ = {
			isa = PBXContainerItemProxy;
			containerPortal = B406D8E72D7369F100C82508 /* Project object */;
			proxyType = 1;
			remoteGlobalIDString = B406D8EE2D7369F100C82508;
			remoteInfo = WeatherWeatherLang;
		};
/* End PBXContainerItemProxy section */

/* Begin PBXFileReference section */
		B406D8EF2D7369F100C82508 /* WeatherWeatherLang.app */ = {isa = PBXFileReference; explicitFileType = wrapper.application; includeInIndex = 0; path = WeatherWeatherLang.app; sourceTree = BUILT_PRODUCTS_DIR; };
		B406D8F22D7369F100C82508 /* Main.swift */ = {isa = PBXFileReference; lastKnownFileType = sourcecode.swift; path = Main.swift; sourceTree = "<group>"; };
		B406D8F42D7369F100C82508 /* SplashView.swift */ = {isa = PBXFileReference; lastKnownFileType = sourcecode.swift; path = SplashView.swift; sourceTree = "<group>"; };
		B406D8F82D7369F200C82508 /* Assets.xcassets */ = {isa = PBXFileReference; lastKnownFileType = folder.assetcatalog; path = Assets.xcassets; sourceTree = "<group>"; };
		B406D8FB2D7369F200C82508 /* Preview Assets.xcassets */ = {isa = PBXFileReference; lastKnownFileType = folder.assetcatalog; path = "Preview Assets.xcassets"; sourceTree = "<group>"; };
		B406D9012D7369F200C82508 /* WeatherWeatherLangTests.xctest */ = {isa = PBXFileReference; explicitFileType = wrapper.cfbundle; includeInIndex = 0; path = WeatherWeatherLangTests.xctest; sourceTree = BUILT_PRODUCTS_DIR; };
		B406D9052D7369F300C82508 /* WeatherWeatherLangTests.swift */ = {isa = PBXFileReference; lastKnownFileType = sourcecode.swift; path = WeatherWeatherLangTests.swift; sourceTree = "<group>"; };
		B406D90B2D7369F300C82508 /* WeatherWeatherLangUITests.xctest */ = {isa = PBXFileReference; explicitFileType = wrapper.cfbundle; includeInIndex = 0; path = WeatherWeatherLangUITests.xctest; sourceTree = BUILT_PRODUCTS_DIR; };
		B406D90F2D7369F300C82508 /* WeatherWeatherLangUITests.swift */ = {isa = PBXFileReference; lastKnownFileType = sourcecode.swift; path = WeatherWeatherLangUITests.swift; sourceTree = "<group>"; };
		B406D9112D7369F300C82508 /* WeatherWeatherLangUITestsLaunchTests.swift */ = {isa = PBXFileReference; lastKnownFileType = sourcecode.swift; path = WeatherWeatherLangUITestsLaunchTests.swift; sourceTree = "<group>"; };
		B406D9282D73710900C82508 /* API.swift */ = {isa = PBXFileReference; fileEncoding = 4; lastKnownFileType = sourcecode.swift; path = API.swift; sourceTree = "<group>"; };
		B406D92A2D7371A200C82508 /* WeatherForecastResponse.swift */ = {isa = PBXFileReference; fileEncoding = 4; lastKnownFileType = sourcecode.swift; path = WeatherForecastResponse.swift; sourceTree = "<group>"; };
		B406D92F2D7372FE00C82508 /* DashboardView.swift */ = {isa = PBXFileReference; lastKnownFileType = sourcecode.swift; path = DashboardView.swift; sourceTree = "<group>"; };
		B406D9342D7373A300C82508 /* DependencyInjectionInitializer.swift */ = {isa = PBXFileReference; lastKnownFileType = sourcecode.swift; path = DependencyInjectionInitializer.swift; sourceTree = "<group>"; };
		B406D9492D73906000C82508 /* Coordinator.swift */ = {isa = PBXFileReference; lastKnownFileType = sourcecode.swift; path = Coordinator.swift; sourceTree = "<group>"; };
		B40727132D73ADDB00A05191 /* .swiftlint.yml */ = {isa = PBXFileReference; lastKnownFileType = text.yaml; path = .swiftlint.yml; sourceTree = "<group>"; };
		B419E7882D73990600FA3C01 /* Routes.swift */ = {isa = PBXFileReference; lastKnownFileType = sourcecode.swift; path = Routes.swift; sourceTree = "<group>"; };
		B419E78D2D73A2D800FA3C01 /* Images.swift */ = {isa = PBXFileReference; lastKnownFileType = sourcecode.swift; path = Images.swift; sourceTree = "<group>"; };
		B419E7902D73A31000FA3C01 /* Lottie.swift */ = {isa = PBXFileReference; lastKnownFileType = sourcecode.swift; path = Lottie.swift; sourceTree = "<group>"; };
		B419E7922D73A36700FA3C01 /* Colors.swift */ = {isa = PBXFileReference; lastKnownFileType = sourcecode.swift; path = Colors.swift; sourceTree = "<group>"; };
		B419E79C2D73A70A00FA3C01 /* README.md */ = {isa = PBXFileReference; fileEncoding = 4; lastKnownFileType = net.daringfireball.markdown; path = README.md; sourceTree = SOURCE_ROOT; };
		B45FE0082D73B4A000D5035E /* HourlyForecast.swift */ = {isa = PBXFileReference; lastKnownFileType = sourcecode.swift; path = HourlyForecast.swift; sourceTree = "<group>"; };
		B45FE00A2D73B4BA00D5035E /* DailyForecast.swift */ = {isa = PBXFileReference; lastKnownFileType = sourcecode.swift; path = DailyForecast.swift; sourceTree = "<group>"; };
		B4897BBB2D784BDC006278A0 /* WeatherForecast.swift */ = {isa = PBXFileReference; lastKnownFileType = sourcecode.swift; path = WeatherForecast.swift; sourceTree = "<group>"; };
		B4897BBD2D784FF8006278A0 /* LoadingView.swift */ = {isa = PBXFileReference; lastKnownFileType = sourcecode.swift; path = LoadingView.swift; sourceTree = "<group>"; };
		B48C44C12D75D54A00A63EDF /* GetWeatherUsecase.swift */ = {isa = PBXFileReference; lastKnownFileType = sourcecode.swift; path = GetWeatherUsecase.swift; sourceTree = "<group>"; };
		B48C44C32D75D68900A63EDF /* DependencyInjectionInitializer+usecase.swift */ = {isa = PBXFileReference; lastKnownFileType = sourcecode.swift; path = "DependencyInjectionInitializer+usecase.swift"; sourceTree = "<group>"; };
		B48C44C52D75D6B700A63EDF /* DependencyInjectionInitializer+API.swift */ = {isa = PBXFileReference; lastKnownFileType = sourcecode.swift; path = "DependencyInjectionInitializer+API.swift"; sourceTree = "<group>"; };
		B48C44C82D75DA6A00A63EDF /* OpenMeteoRepository.swift */ = {isa = PBXFileReference; lastKnownFileType = sourcecode.swift; path = OpenMeteoRepository.swift; sourceTree = "<group>"; };
		B48C44CA2D75DBF600A63EDF /* DependencyInjectionInitializer+Repository.swift */ = {isa = PBXFileReference; lastKnownFileType = sourcecode.swift; path = "DependencyInjectionInitializer+Repository.swift"; sourceTree = "<group>"; };
		B48C44CD2D75DC4500A63EDF /* OpenMeteoRepositoryImplementation.swift */ = {isa = PBXFileReference; lastKnownFileType = sourcecode.swift; path = OpenMeteoRepositoryImplementation.swift; sourceTree = "<group>"; };
		B48C44CF2D75E49A00A63EDF /* WeatherRequest.swift */ = {isa = PBXFileReference; lastKnownFileType = sourcecode.swift; path = WeatherRequest.swift; sourceTree = "<group>"; };
		B48C9CE92D74531C00CBC9C7 /* NotSafeView.swift */ = {isa = PBXFileReference; lastKnownFileType = sourcecode.swift; path = NotSafeView.swift; sourceTree = "<group>"; };
		B48C9CED2D7454AA00CBC9C7 /* JailbreakDetection.swift */ = {isa = PBXFileReference; lastKnownFileType = sourcecode.swift; path = JailbreakDetection.swift; sourceTree = "<group>"; };
		B48C9CEF2D745BB500CBC9C7 /* DashboardViewModel.swift */ = {isa = PBXFileReference; lastKnownFileType = sourcecode.swift; path = DashboardViewModel.swift; sourceTree = "<group>"; };
		B491B06A2D7493EC004423B0 /* DependencyInjectionInitializer+viewmodel.swift */ = {isa = PBXFileReference; lastKnownFileType = sourcecode.swift; path = "DependencyInjectionInitializer+viewmodel.swift"; sourceTree = "<group>"; };
		B496D5F82D773CD60049A46C /* DependencyInjectionError.swift */ = {isa = PBXFileReference; lastKnownFileType = sourcecode.swift; path = DependencyInjectionError.swift; sourceTree = "<group>"; };
		B49ADD312D74BCD8001937B0 /* DarkTheme.swift */ = {isa = PBXFileReference; fileEncoding = 4; lastKnownFileType = sourcecode.swift; path = DarkTheme.swift; sourceTree = "<group>"; };
		B49ADD322D74BCD8001937B0 /* ThemeManager.swift */ = {isa = PBXFileReference; fileEncoding = 4; lastKnownFileType = sourcecode.swift; path = ThemeManager.swift; sourceTree = "<group>"; };
		B49ADD332D74BCD8001937B0 /* LightTheme.swift */ = {isa = PBXFileReference; fileEncoding = 4; lastKnownFileType = sourcecode.swift; path = LightTheme.swift; sourceTree = "<group>"; };
		B49ADD342D74BCD8001937B0 /* Theme.swift */ = {isa = PBXFileReference; fileEncoding = 4; lastKnownFileType = sourcecode.swift; path = Theme.swift; sourceTree = "<group>"; };
		B4A2FA432D74ABAE00D21E71 /* splash.json */ = {isa = PBXFileReference; fileEncoding = 4; lastKnownFileType = text.json; path = splash.json; sourceTree = "<group>"; };
/* End PBXFileReference section */

/* Begin PBXFrameworksBuildPhase section */
		B406D8EC2D7369F100C82508 /* Frameworks */ = {
			isa = PBXFrameworksBuildPhase;
			buildActionMask = 2147483647;
			files = (
				B406D9252D736ADC00C82508 /* Swinject in Frameworks */,
				B406D9452D738A8A00C82508 /* NavigationTransitions in Frameworks */,
				B406D93A2D73787000C82508 /* Lottie in Frameworks */,
			);
			runOnlyForDeploymentPostprocessing = 0;
		};
		B406D8FE2D7369F200C82508 /* Frameworks */ = {
			isa = PBXFrameworksBuildPhase;
			buildActionMask = 2147483647;
			files = (
			);
			runOnlyForDeploymentPostprocessing = 0;
		};
		B406D9082D7369F300C82508 /* Frameworks */ = {
			isa = PBXFrameworksBuildPhase;
			buildActionMask = 2147483647;
			files = (
			);
			runOnlyForDeploymentPostprocessing = 0;
		};
/* End PBXFrameworksBuildPhase section */

/* Begin PBXGroup section */
		B406D8E62D7369F100C82508 = {
			isa = PBXGroup;
			children = (
				B406D8F12D7369F100C82508 /* WeatherWeatherLang */,
				B406D9042D7369F300C82508 /* WeatherWeatherLangTests */,
				B406D90E2D7369F300C82508 /* WeatherWeatherLangUITests */,
				B406D8F02D7369F100C82508 /* Products */,
			);
			sourceTree = "<group>";
		};
		B406D8F02D7369F100C82508 /* Products */ = {
			isa = PBXGroup;
			children = (
				B406D8EF2D7369F100C82508 /* WeatherWeatherLang.app */,
				B406D9012D7369F200C82508 /* WeatherWeatherLangTests.xctest */,
				B406D90B2D7369F300C82508 /* WeatherWeatherLangUITests.xctest */,
			);
			name = Products;
			sourceTree = "<group>";
		};
		B406D8F12D7369F100C82508 /* WeatherWeatherLang */ = {
			isa = PBXGroup;
			children = (
				B406D9222D736AB800C82508 /* App */,
				B406D9212D736AA400C82508 /* Core */,
				B406D9202D736AA000C82508 /* Presentation */,
				B406D91F2D736A9A00C82508 /* Data */,
				B406D91E2D736A9400C82508 /* Domain */,
				B406D8F82D7369F200C82508 /* Assets.xcassets */,
				B40727132D73ADDB00A05191 /* .swiftlint.yml */,
				B419E79C2D73A70A00FA3C01 /* README.md */,
				B406D8FA2D7369F200C82508 /* Preview Content */,
			);
			path = WeatherWeatherLang;
			sourceTree = "<group>";
		};
		B406D8FA2D7369F200C82508 /* Preview Content */ = {
			isa = PBXGroup;
			children = (
				B406D8FB2D7369F200C82508 /* Preview Assets.xcassets */,
			);
			path = "Preview Content";
			sourceTree = "<group>";
		};
		B406D9042D7369F300C82508 /* WeatherWeatherLangTests */ = {
			isa = PBXGroup;
			children = (
				B406D9052D7369F300C82508 /* WeatherWeatherLangTests.swift */,
			);
			path = WeatherWeatherLangTests;
			sourceTree = "<group>";
		};
		B406D90E2D7369F300C82508 /* WeatherWeatherLangUITests */ = {
			isa = PBXGroup;
			children = (
				B406D90F2D7369F300C82508 /* WeatherWeatherLangUITests.swift */,
				B406D9112D7369F300C82508 /* WeatherWeatherLangUITestsLaunchTests.swift */,
			);
			path = WeatherWeatherLangUITests;
			sourceTree = "<group>";
		};
		B406D91E2D736A9400C82508 /* Domain */ = {
			isa = PBXGroup;
			children = (
				B48C44C72D75DA5C00A63EDF /* Repository */,
				B48C44C02D75D53200A63EDF /* Usecase */,
				B406D92C2D7371E800C82508 /* Entity */,
			);
			path = Domain;
			sourceTree = "<group>";
		};
		B406D91F2D736A9A00C82508 /* Data */ = {
			isa = PBXGroup;
			children = (
				B406D9262D7370DE00C82508 /* Source */,
			);
			path = Data;
			sourceTree = "<group>";
		};
		B406D9202D736AA000C82508 /* Presentation */ = {
			isa = PBXGroup;
			children = (
				B48C9CE62D7452F500CBC9C7 /* Components */,
				B406D93B2D737A4400C82508 /* Assets */,
				B406D92D2D7372E800C82508 /* Features */,
			);
			path = Presentation;
			sourceTree = "<group>";
		};
		B406D9212D736AA400C82508 /* Core */ = {
			isa = PBXGroup;
			children = (
				B48C9CEC2D74549900CBC9C7 /* JailBreakDetection */,
				B406D9462D738FD800C82508 /* Coordinator */,
				B406D9322D73732C00C82508 /* DependencyInjection */,
			);
			path = Core;
			sourceTree = "<group>";
		};
		B406D9222D736AB800C82508 /* App */ = {
			isa = PBXGroup;
			children = (
				B406D8F22D7369F100C82508 /* Main.swift */,
				B419E7882D73990600FA3C01 /* Routes.swift */,
			);
			path = App;
			sourceTree = "<group>";
		};
		B406D9262D7370DE00C82508 /* Source */ = {
			isa = PBXGroup;
			children = (
				B48C44CC2D75DC2C00A63EDF /* Repository */,
				B45FE0072D73B48700D5035E /* Model */,
				B406D9272D7370F200C82508 /* API */,
			);
			path = Source;
			sourceTree = "<group>";
		};
		B406D9272D7370F200C82508 /* API */ = {
			isa = PBXGroup;
			children = (
				B406D9282D73710900C82508 /* API.swift */,
			);
			path = API;
			sourceTree = "<group>";
		};
		B406D92C2D7371E800C82508 /* Entity */ = {
			isa = PBXGroup;
			children = (
				B4897BBB2D784BDC006278A0 /* WeatherForecast.swift */,
			);
			path = Entity;
			sourceTree = "<group>";
		};
		B406D92D2D7372E800C82508 /* Features */ = {
			isa = PBXGroup;
			children = (
				B406D9312D73732200C82508 /* Splash */,
				B406D92E2D7372EF00C82508 /* dashboard */,
			);
			path = Features;
			sourceTree = "<group>";
		};
		B406D92E2D7372EF00C82508 /* dashboard */ = {
			isa = PBXGroup;
			children = (
				B406D92F2D7372FE00C82508 /* DashboardView.swift */,
				B48C9CEF2D745BB500CBC9C7 /* DashboardViewModel.swift */,
			);
			path = dashboard;
			sourceTree = "<group>";
		};
		B406D9312D73732200C82508 /* Splash */ = {
			isa = PBXGroup;
			children = (
				B406D8F42D7369F100C82508 /* SplashView.swift */,
			);
			path = Splash;
			sourceTree = "<group>";
		};
		B406D9322D73732C00C82508 /* DependencyInjection */ = {
			isa = PBXGroup;
			children = (
				B406D9342D7373A300C82508 /* DependencyInjectionInitializer.swift */,
				B491B06A2D7493EC004423B0 /* DependencyInjectionInitializer+viewmodel.swift */,
				B48C44C32D75D68900A63EDF /* DependencyInjectionInitializer+usecase.swift */,
				B48C44C52D75D6B700A63EDF /* DependencyInjectionInitializer+API.swift */,
				B48C44CA2D75DBF600A63EDF /* DependencyInjectionInitializer+Repository.swift */,
				B496D5F82D773CD60049A46C /* DependencyInjectionError.swift */,
			);
			path = DependencyInjection;
			sourceTree = "<group>";
		};
		B406D93B2D737A4400C82508 /* Assets */ = {
			isa = PBXGroup;
			children = (
				B49ADD302D74BCC7001937B0 /* Constants */,
				B419E78F2D73A2FC00FA3C01 /* Themes */,
				B406D9422D737B2A00C82508 /* Lottie */,
			);
			path = Assets;
			sourceTree = "<group>";
		};
		B406D9422D737B2A00C82508 /* Lottie */ = {
			isa = PBXGroup;
			children = (
				B4A2FA432D74ABAE00D21E71 /* splash.json */,
			);
			path = Lottie;
			sourceTree = "<group>";
		};
		B406D9462D738FD800C82508 /* Coordinator */ = {
			isa = PBXGroup;
			children = (
				B406D9492D73906000C82508 /* Coordinator.swift */,
			);
			path = Coordinator;
			sourceTree = "<group>";
		};
		B419E78F2D73A2FC00FA3C01 /* Themes */ = {
			isa = PBXGroup;
			children = (
				B49ADD312D74BCD8001937B0 /* DarkTheme.swift */,
				B49ADD332D74BCD8001937B0 /* LightTheme.swift */,
				B49ADD342D74BCD8001937B0 /* Theme.swift */,
				B49ADD322D74BCD8001937B0 /* ThemeManager.swift */,
			);
			path = Themes;
			sourceTree = "<group>";
		};
		B45FE0062D73B47E00D5035E /* Response */ = {
			isa = PBXGroup;
			children = (
				B406D92A2D7371A200C82508 /* WeatherForecastResponse.swift */,
				B45FE0082D73B4A000D5035E /* HourlyForecast.swift */,
				B45FE00A2D73B4BA00D5035E /* DailyForecast.swift */,
			);
			path = Response;
			sourceTree = "<group>";
		};
		B45FE0072D73B48700D5035E /* Model */ = {
			isa = PBXGroup;
			children = (
				B48C44D12D75E49E00A63EDF /* Request */,
				B45FE0062D73B47E00D5035E /* Response */,
			);
			path = Model;
			sourceTree = "<group>";
		};
		B48C44C02D75D53200A63EDF /* Usecase */ = {
			isa = PBXGroup;
			children = (
				B48C44C12D75D54A00A63EDF /* GetWeatherUsecase.swift */,
			);
			path = Usecase;
			sourceTree = "<group>";
		};
		B48C44C72D75DA5C00A63EDF /* Repository */ = {
			isa = PBXGroup;
			children = (
				B48C44C82D75DA6A00A63EDF /* OpenMeteoRepository.swift */,
			);
			path = Repository;
			sourceTree = "<group>";
		};
		B48C44CC2D75DC2C00A63EDF /* Repository */ = {
			isa = PBXGroup;
			children = (
				B48C44CD2D75DC4500A63EDF /* OpenMeteoRepositoryImplementation.swift */,
			);
			path = Repository;
			sourceTree = "<group>";
		};
		B48C44D12D75E49E00A63EDF /* Request */ = {
			isa = PBXGroup;
			children = (
				B48C44CF2D75E49A00A63EDF /* WeatherRequest.swift */,
			);
			path = Request;
			sourceTree = "<group>";
		};
		B48C9CE62D7452F500CBC9C7 /* Components */ = {
			isa = PBXGroup;
			children = (
				B48C9CE92D74531C00CBC9C7 /* NotSafeView.swift */,
				B4897BBD2D784FF8006278A0 /* LoadingView.swift */,
			);
			path = Components;
			sourceTree = "<group>";
		};
		B48C9CEC2D74549900CBC9C7 /* JailBreakDetection */ = {
			isa = PBXGroup;
			children = (
				B48C9CED2D7454AA00CBC9C7 /* JailbreakDetection.swift */,
			);
			path = JailBreakDetection;
			sourceTree = "<group>";
		};
		B49ADD302D74BCC7001937B0 /* Constants */ = {
			isa = PBXGroup;
			children = (
				B419E78D2D73A2D800FA3C01 /* Images.swift */,
				B419E7902D73A31000FA3C01 /* Lottie.swift */,
				B419E7922D73A36700FA3C01 /* Colors.swift */,
			);
			path = Constants;
			sourceTree = "<group>";
		};
/* End PBXGroup section */

/* Begin PBXNativeTarget section */
		B406D8EE2D7369F100C82508 /* WeatherWeatherLang */ = {
			isa = PBXNativeTarget;
			buildConfigurationList = B406D9152D7369F300C82508 /* Build configuration list for PBXNativeTarget "WeatherWeatherLang" */;
			buildPhases = (
				B406D8EB2D7369F100C82508 /* Sources */,
				B406D8EC2D7369F100C82508 /* Frameworks */,
				B406D8ED2D7369F100C82508 /* Resources */,
			);
			buildRules = (
			);
			dependencies = (
				B43F74D72D74A94800EE2C03 /* PBXTargetDependency */,
			);
			name = WeatherWeatherLang;
			packageProductDependencies = (
				B406D9242D736ADC00C82508 /* Swinject */,
				B406D9392D73787000C82508 /* Lottie */,
				B406D9442D738A8A00C82508 /* NavigationTransitions */,
			);
			productName = WeatherWeatherLang;
			productReference = B406D8EF2D7369F100C82508 /* WeatherWeatherLang.app */;
			productType = "com.apple.product-type.application";
		};
		B406D9002D7369F200C82508 /* WeatherWeatherLangTests */ = {
			isa = PBXNativeTarget;
			buildConfigurationList = B406D9182D7369F300C82508 /* Build configuration list for PBXNativeTarget "WeatherWeatherLangTests" */;
			buildPhases = (
				B406D8FD2D7369F200C82508 /* Sources */,
				B406D8FE2D7369F200C82508 /* Frameworks */,
				B406D8FF2D7369F200C82508 /* Resources */,
			);
			buildRules = (
			);
			dependencies = (
				B406D9032D7369F300C82508 /* PBXTargetDependency */,
			);
			name = WeatherWeatherLangTests;
			productName = WeatherWeatherLangTests;
			productReference = B406D9012D7369F200C82508 /* WeatherWeatherLangTests.xctest */;
			productType = "com.apple.product-type.bundle.unit-test";
		};
		B406D90A2D7369F300C82508 /* WeatherWeatherLangUITests */ = {
			isa = PBXNativeTarget;
			buildConfigurationList = B406D91B2D7369F300C82508 /* Build configuration list for PBXNativeTarget "WeatherWeatherLangUITests" */;
			buildPhases = (
				B406D9072D7369F300C82508 /* Sources */,
				B406D9082D7369F300C82508 /* Frameworks */,
				B406D9092D7369F300C82508 /* Resources */,
			);
			buildRules = (
			);
			dependencies = (
				B406D90D2D7369F300C82508 /* PBXTargetDependency */,
			);
			name = WeatherWeatherLangUITests;
			productName = WeatherWeatherLangUITests;
			productReference = B406D90B2D7369F300C82508 /* WeatherWeatherLangUITests.xctest */;
			productType = "com.apple.product-type.bundle.ui-testing";
		};
/* End PBXNativeTarget section */

/* Begin PBXProject section */
		B406D8E72D7369F100C82508 /* Project object */ = {
			isa = PBXProject;
			attributes = {
				BuildIndependentTargetsInParallel = 1;
				LastSwiftUpdateCheck = 1540;
				LastUpgradeCheck = 1540;
				TargetAttributes = {
					B406D8EE2D7369F100C82508 = {
						CreatedOnToolsVersion = 15.4;
					};
					B406D9002D7369F200C82508 = {
						CreatedOnToolsVersion = 15.4;
						TestTargetID = B406D8EE2D7369F100C82508;
					};
					B406D90A2D7369F300C82508 = {
						CreatedOnToolsVersion = 15.4;
						TestTargetID = B406D8EE2D7369F100C82508;
					};
				};
			};
			buildConfigurationList = B406D8EA2D7369F100C82508 /* Build configuration list for PBXProject "WeatherWeatherLang" */;
			compatibilityVersion = "Xcode 14.0";
			developmentRegion = en;
			hasScannedForEncodings = 0;
			knownRegions = (
				en,
				Base,
			);
			mainGroup = B406D8E62D7369F100C82508;
			packageReferences = (
				B406D9232D736ADC00C82508 /* XCRemoteSwiftPackageReference "Swinject" */,
				B406D9382D73787000C82508 /* XCRemoteSwiftPackageReference "lottie-ios" */,
				B406D9432D738A8A00C82508 /* XCRemoteSwiftPackageReference "swiftui-navigation-transitions" */,
				B4EA88682D74A7DB00E0ACCF /* XCRemoteSwiftPackageReference "SwiftLintPlugins" */,
			);
			productRefGroup = B406D8F02D7369F100C82508 /* Products */;
			projectDirPath = "";
			projectRoot = "";
			targets = (
				B406D8EE2D7369F100C82508 /* WeatherWeatherLang */,
				B406D9002D7369F200C82508 /* WeatherWeatherLangTests */,
				B406D90A2D7369F300C82508 /* WeatherWeatherLangUITests */,
			);
		};
/* End PBXProject section */

/* Begin PBXResourcesBuildPhase section */
		B406D8ED2D7369F100C82508 /* Resources */ = {
			isa = PBXResourcesBuildPhase;
			buildActionMask = 2147483647;
			files = (
				B40727142D73ADDB00A05191 /* .swiftlint.yml in Resources */,
				B406D8FC2D7369F200C82508 /* Preview Assets.xcassets in Resources */,
				B419E79D2D73A70A00FA3C01 /* README.md in Resources */,
				B406D8F92D7369F200C82508 /* Assets.xcassets in Resources */,
				B4A2FA442D74ABAE00D21E71 /* splash.json in Resources */,
			);
			runOnlyForDeploymentPostprocessing = 0;
		};
		B406D8FF2D7369F200C82508 /* Resources */ = {
			isa = PBXResourcesBuildPhase;
			buildActionMask = 2147483647;
			files = (
			);
			runOnlyForDeploymentPostprocessing = 0;
		};
		B406D9092D7369F300C82508 /* Resources */ = {
			isa = PBXResourcesBuildPhase;
			buildActionMask = 2147483647;
			files = (
			);
			runOnlyForDeploymentPostprocessing = 0;
		};
/* End PBXResourcesBuildPhase section */

/* Begin PBXSourcesBuildPhase section */
		B406D8EB2D7369F100C82508 /* Sources */ = {
			isa = PBXSourcesBuildPhase;
			buildActionMask = 2147483647;
			files = (
				B45FE00B2D73B4BA00D5035E /* DailyForecast.swift in Sources */,
				B48C44C92D75DA6A00A63EDF /* OpenMeteoRepository.swift in Sources */,
				B406D8F52D7369F100C82508 /* SplashView.swift in Sources */,
				B419E7932D73A36700FA3C01 /* Colors.swift in Sources */,
				B49ADD382D74BCD8001937B0 /* Theme.swift in Sources */,
				B48C44C62D75D6B700A63EDF /* DependencyInjectionInitializer+API.swift in Sources */,
				B48C9CF02D745BB500CBC9C7 /* DashboardViewModel.swift in Sources */,
				B406D92B2D7371A200C82508 /* WeatherForecastResponse.swift in Sources */,
				B406D9292D73710900C82508 /* API.swift in Sources */,
				B496D5F92D773CD60049A46C /* DependencyInjectionError.swift in Sources */,
				B419E7892D73990600FA3C01 /* Routes.swift in Sources */,
				B48C9CEE2D7454AA00CBC9C7 /* JailbreakDetection.swift in Sources */,
				B48C44C42D75D68900A63EDF /* DependencyInjectionInitializer+usecase.swift in Sources */,
				B48C44D02D75E49A00A63EDF /* WeatherRequest.swift in Sources */,
				B48C9CEA2D74531C00CBC9C7 /* NotSafeView.swift in Sources */,
				B48C44CB2D75DBF600A63EDF /* DependencyInjectionInitializer+Repository.swift in Sources */,
				B491B06B2D7493EC004423B0 /* DependencyInjectionInitializer+viewmodel.swift in Sources */,
				B406D9352D7373A300C82508 /* DependencyInjectionInitializer.swift in Sources */,
				B49ADD372D74BCD8001937B0 /* LightTheme.swift in Sources */,
				B406D94A2D73906000C82508 /* Coordinator.swift in Sources */,
				B45FE0092D73B4A000D5035E /* HourlyForecast.swift in Sources */,
				B4897BBC2D784BDC006278A0 /* WeatherForecast.swift in Sources */,
				B419E7912D73A31000FA3C01 /* Lottie.swift in Sources */,
				B48C44CE2D75DC4500A63EDF /* OpenMeteoRepositoryImplementation.swift in Sources */,
				B49ADD352D74BCD8001937B0 /* DarkTheme.swift in Sources */,
				B419E78E2D73A2D800FA3C01 /* Images.swift in Sources */,
				B406D9302D7372FE00C82508 /* DashboardView.swift in Sources */,
				B406D8F32D7369F100C82508 /* Main.swift in Sources */,
				B49ADD362D74BCD8001937B0 /* ThemeManager.swift in Sources */,
				B4897BBE2D784FF8006278A0 /* LoadingView.swift in Sources */,
				B48C44C22D75D54A00A63EDF /* GetWeatherUsecase.swift in Sources */,
			);
			runOnlyForDeploymentPostprocessing = 0;
		};
		B406D8FD2D7369F200C82508 /* Sources */ = {
			isa = PBXSourcesBuildPhase;
			buildActionMask = 2147483647;
			files = (
				B406D9062D7369F300C82508 /* WeatherWeatherLangTests.swift in Sources */,
			);
			runOnlyForDeploymentPostprocessing = 0;
		};
		B406D9072D7369F300C82508 /* Sources */ = {
			isa = PBXSourcesBuildPhase;
			buildActionMask = 2147483647;
			files = (
				B406D9122D7369F300C82508 /* WeatherWeatherLangUITestsLaunchTests.swift in Sources */,
				B406D9102D7369F300C82508 /* WeatherWeatherLangUITests.swift in Sources */,
			);
			runOnlyForDeploymentPostprocessing = 0;
		};
/* End PBXSourcesBuildPhase section */

/* Begin PBXTargetDependency section */
		B406D9032D7369F300C82508 /* PBXTargetDependency */ = {
			isa = PBXTargetDependency;
			target = B406D8EE2D7369F100C82508 /* WeatherWeatherLang */;
			targetProxy = B406D9022D7369F300C82508 /* PBXContainerItemProxy */;
		};
		B406D90D2D7369F300C82508 /* PBXTargetDependency */ = {
			isa = PBXTargetDependency;
			target = B406D8EE2D7369F100C82508 /* WeatherWeatherLang */;
			targetProxy = B406D90C2D7369F300C82508 /* PBXContainerItemProxy */;
		};
		B43F74D72D74A94800EE2C03 /* PBXTargetDependency */ = {
			isa = PBXTargetDependency;
			productRef = B43F74D62D74A94800EE2C03 /* SwiftLintBuildToolPlugin */;
		};
/* End PBXTargetDependency section */

/* Begin XCBuildConfiguration section */
		B406D9132D7369F300C82508 /* Debug */ = {
			isa = XCBuildConfiguration;
			buildSettings = {
				ALWAYS_SEARCH_USER_PATHS = NO;
				ASSETCATALOG_COMPILER_GENERATE_SWIFT_ASSET_SYMBOL_EXTENSIONS = YES;
				CLANG_ANALYZER_NONNULL = YES;
				CLANG_ANALYZER_NUMBER_OBJECT_CONVERSION = YES_AGGRESSIVE;
				CLANG_CXX_LANGUAGE_STANDARD = "gnu++20";
				CLANG_ENABLE_MODULES = YES;
				CLANG_ENABLE_OBJC_ARC = YES;
				CLANG_ENABLE_OBJC_WEAK = YES;
				CLANG_WARN_BLOCK_CAPTURE_AUTORELEASING = YES;
				CLANG_WARN_BOOL_CONVERSION = YES;
				CLANG_WARN_COMMA = YES;
				CLANG_WARN_CONSTANT_CONVERSION = YES;
				CLANG_WARN_DEPRECATED_OBJC_IMPLEMENTATIONS = YES;
				CLANG_WARN_DIRECT_OBJC_ISA_USAGE = YES_ERROR;
				CLANG_WARN_DOCUMENTATION_COMMENTS = YES;
				CLANG_WARN_EMPTY_BODY = YES;
				CLANG_WARN_ENUM_CONVERSION = YES;
				CLANG_WARN_INFINITE_RECURSION = YES;
				CLANG_WARN_INT_CONVERSION = YES;
				CLANG_WARN_NON_LITERAL_NULL_CONVERSION = YES;
				CLANG_WARN_OBJC_IMPLICIT_RETAIN_SELF = YES;
				CLANG_WARN_OBJC_LITERAL_CONVERSION = YES;
				CLANG_WARN_OBJC_ROOT_CLASS = YES_ERROR;
				CLANG_WARN_QUOTED_INCLUDE_IN_FRAMEWORK_HEADER = YES;
				CLANG_WARN_RANGE_LOOP_ANALYSIS = YES;
				CLANG_WARN_STRICT_PROTOTYPES = YES;
				CLANG_WARN_SUSPICIOUS_MOVE = YES;
				CLANG_WARN_UNGUARDED_AVAILABILITY = YES_AGGRESSIVE;
				CLANG_WARN_UNREACHABLE_CODE = YES;
				CLANG_WARN__DUPLICATE_METHOD_MATCH = YES;
				COPY_PHASE_STRIP = NO;
				DEBUG_INFORMATION_FORMAT = dwarf;
				ENABLE_STRICT_OBJC_MSGSEND = YES;
				ENABLE_TESTABILITY = YES;
				ENABLE_USER_SCRIPT_SANDBOXING = NO;
				GCC_C_LANGUAGE_STANDARD = gnu17;
				GCC_DYNAMIC_NO_PIC = NO;
				GCC_NO_COMMON_BLOCKS = YES;
				GCC_OPTIMIZATION_LEVEL = 0;
				GCC_PREPROCESSOR_DEFINITIONS = (
					"DEBUG=1",
					"$(inherited)",
				);
				GCC_WARN_64_TO_32_BIT_CONVERSION = YES;
				GCC_WARN_ABOUT_RETURN_TYPE = YES_ERROR;
				GCC_WARN_UNDECLARED_SELECTOR = YES;
				GCC_WARN_UNINITIALIZED_AUTOS = YES_AGGRESSIVE;
				GCC_WARN_UNUSED_FUNCTION = YES;
				GCC_WARN_UNUSED_VARIABLE = YES;
				IPHONEOS_DEPLOYMENT_TARGET = 17.5;
				LOCALIZATION_PREFERS_STRING_CATALOGS = YES;
				MTL_ENABLE_DEBUG_INFO = INCLUDE_SOURCE;
				MTL_FAST_MATH = YES;
				ONLY_ACTIVE_ARCH = YES;
				SDKROOT = iphoneos;
				SWIFT_ACTIVE_COMPILATION_CONDITIONS = "DEBUG $(inherited)";
				SWIFT_OPTIMIZATION_LEVEL = "-Onone";
			};
			name = Debug;
		};
		B406D9142D7369F300C82508 /* Release */ = {
			isa = XCBuildConfiguration;
			buildSettings = {
				ALWAYS_SEARCH_USER_PATHS = NO;
				ASSETCATALOG_COMPILER_GENERATE_SWIFT_ASSET_SYMBOL_EXTENSIONS = YES;
				CLANG_ANALYZER_NONNULL = YES;
				CLANG_ANALYZER_NUMBER_OBJECT_CONVERSION = YES_AGGRESSIVE;
				CLANG_CXX_LANGUAGE_STANDARD = "gnu++20";
				CLANG_ENABLE_MODULES = YES;
				CLANG_ENABLE_OBJC_ARC = YES;
				CLANG_ENABLE_OBJC_WEAK = YES;
				CLANG_WARN_BLOCK_CAPTURE_AUTORELEASING = YES;
				CLANG_WARN_BOOL_CONVERSION = YES;
				CLANG_WARN_COMMA = YES;
				CLANG_WARN_CONSTANT_CONVERSION = YES;
				CLANG_WARN_DEPRECATED_OBJC_IMPLEMENTATIONS = YES;
				CLANG_WARN_DIRECT_OBJC_ISA_USAGE = YES_ERROR;
				CLANG_WARN_DOCUMENTATION_COMMENTS = YES;
				CLANG_WARN_EMPTY_BODY = YES;
				CLANG_WARN_ENUM_CONVERSION = YES;
				CLANG_WARN_INFINITE_RECURSION = YES;
				CLANG_WARN_INT_CONVERSION = YES;
				CLANG_WARN_NON_LITERAL_NULL_CONVERSION = YES;
				CLANG_WARN_OBJC_IMPLICIT_RETAIN_SELF = YES;
				CLANG_WARN_OBJC_LITERAL_CONVERSION = YES;
				CLANG_WARN_OBJC_ROOT_CLASS = YES_ERROR;
				CLANG_WARN_QUOTED_INCLUDE_IN_FRAMEWORK_HEADER = YES;
				CLANG_WARN_RANGE_LOOP_ANALYSIS = YES;
				CLANG_WARN_STRICT_PROTOTYPES = YES;
				CLANG_WARN_SUSPICIOUS_MOVE = YES;
				CLANG_WARN_UNGUARDED_AVAILABILITY = YES_AGGRESSIVE;
				CLANG_WARN_UNREACHABLE_CODE = YES;
				CLANG_WARN__DUPLICATE_METHOD_MATCH = YES;
				COPY_PHASE_STRIP = NO;
				DEBUG_INFORMATION_FORMAT = "dwarf-with-dsym";
				ENABLE_NS_ASSERTIONS = NO;
				ENABLE_STRICT_OBJC_MSGSEND = YES;
				ENABLE_USER_SCRIPT_SANDBOXING = NO;
				GCC_C_LANGUAGE_STANDARD = gnu17;
				GCC_NO_COMMON_BLOCKS = YES;
				GCC_WARN_64_TO_32_BIT_CONVERSION = YES;
				GCC_WARN_ABOUT_RETURN_TYPE = YES_ERROR;
				GCC_WARN_UNDECLARED_SELECTOR = YES;
				GCC_WARN_UNINITIALIZED_AUTOS = YES_AGGRESSIVE;
				GCC_WARN_UNUSED_FUNCTION = YES;
				GCC_WARN_UNUSED_VARIABLE = YES;
				IPHONEOS_DEPLOYMENT_TARGET = 17.5;
				LOCALIZATION_PREFERS_STRING_CATALOGS = YES;
				MTL_ENABLE_DEBUG_INFO = NO;
				MTL_FAST_MATH = YES;
				SDKROOT = iphoneos;
				SWIFT_COMPILATION_MODE = wholemodule;
				VALIDATE_PRODUCT = YES;
			};
			name = Release;
		};
		B406D9162D7369F300C82508 /* Debug */ = {
			isa = XCBuildConfiguration;
			buildSettings = {
				ASSETCATALOG_COMPILER_APPICON_NAME = AppIcon;
				ASSETCATALOG_COMPILER_GLOBAL_ACCENT_COLOR_NAME = AccentColor;
				CODE_SIGN_STYLE = Automatic;
				CURRENT_PROJECT_VERSION = 1;
				DEVELOPMENT_ASSET_PATHS = "\"WeatherWeatherLang/Preview Content\"";
				DEVELOPMENT_TEAM = LZCDEKY8W4;
				ENABLE_PREVIEWS = YES;
				ENABLE_USER_SCRIPT_SANDBOXING = NO;
				GENERATE_INFOPLIST_FILE = YES;
				INFOPLIST_KEY_UIApplicationSceneManifest_Generation = YES;
				INFOPLIST_KEY_UIApplicationSupportsIndirectInputEvents = YES;
				INFOPLIST_KEY_UILaunchScreen_Generation = YES;
				INFOPLIST_KEY_UISupportedInterfaceOrientations_iPad = "UIInterfaceOrientationPortrait UIInterfaceOrientationPortraitUpsideDown UIInterfaceOrientationLandscapeLeft UIInterfaceOrientationLandscapeRight";
				INFOPLIST_KEY_UISupportedInterfaceOrientations_iPhone = "UIInterfaceOrientationPortrait UIInterfaceOrientationLandscapeLeft UIInterfaceOrientationLandscapeRight";
				IPHONEOS_DEPLOYMENT_TARGET = 16.0;
				LD_RUNPATH_SEARCH_PATHS = (
					"$(inherited)",
					"@executable_path/Frameworks",
				);
				MARKETING_VERSION = 1.0;
				PRODUCT_BUNDLE_IDENTIFIER = com.ph.WeatherWeatherLang;
				PRODUCT_NAME = "$(TARGET_NAME)";
				SWIFT_EMIT_LOC_STRINGS = YES;
				SWIFT_VERSION = 5.0;
				TARGETED_DEVICE_FAMILY = "1,2";
			};
			name = Debug;
		};
		B406D9172D7369F300C82508 /* Release */ = {
			isa = XCBuildConfiguration;
			buildSettings = {
				ASSETCATALOG_COMPILER_APPICON_NAME = AppIcon;
				ASSETCATALOG_COMPILER_GLOBAL_ACCENT_COLOR_NAME = AccentColor;
				CODE_SIGN_STYLE = Automatic;
				CURRENT_PROJECT_VERSION = 1;
				DEVELOPMENT_ASSET_PATHS = "\"WeatherWeatherLang/Preview Content\"";
				DEVELOPMENT_TEAM = LZCDEKY8W4;
				ENABLE_PREVIEWS = YES;
				ENABLE_USER_SCRIPT_SANDBOXING = NO;
				GENERATE_INFOPLIST_FILE = YES;
				INFOPLIST_KEY_UIApplicationSceneManifest_Generation = YES;
				INFOPLIST_KEY_UIApplicationSupportsIndirectInputEvents = YES;
				INFOPLIST_KEY_UILaunchScreen_Generation = YES;
				INFOPLIST_KEY_UISupportedInterfaceOrientations_iPad = "UIInterfaceOrientationPortrait UIInterfaceOrientationPortraitUpsideDown UIInterfaceOrientationLandscapeLeft UIInterfaceOrientationLandscapeRight";
				INFOPLIST_KEY_UISupportedInterfaceOrientations_iPhone = "UIInterfaceOrientationPortrait UIInterfaceOrientationLandscapeLeft UIInterfaceOrientationLandscapeRight";
				IPHONEOS_DEPLOYMENT_TARGET = 16.0;
				LD_RUNPATH_SEARCH_PATHS = (
					"$(inherited)",
					"@executable_path/Frameworks",
				);
				MARKETING_VERSION = 1.0;
				PRODUCT_BUNDLE_IDENTIFIER = com.ph.WeatherWeatherLang;
				PRODUCT_NAME = "$(TARGET_NAME)";
				SWIFT_EMIT_LOC_STRINGS = YES;
				SWIFT_VERSION = 5.0;
				TARGETED_DEVICE_FAMILY = "1,2";
			};
			name = Release;
		};
		B406D9192D7369F300C82508 /* Debug */ = {
			isa = XCBuildConfiguration;
			buildSettings = {
				ALWAYS_EMBED_SWIFT_STANDARD_LIBRARIES = YES;
				BUNDLE_LOADER = "$(TEST_HOST)";
				CODE_SIGN_STYLE = Automatic;
				CURRENT_PROJECT_VERSION = 1;
				DEVELOPMENT_TEAM = LZCDEKY8W4;
				GENERATE_INFOPLIST_FILE = YES;
				IPHONEOS_DEPLOYMENT_TARGET = 17.5;
				MARKETING_VERSION = 1.0;
				PRODUCT_BUNDLE_IDENTIFIER = com.ph.WeatherWeatherLangTests;
				PRODUCT_NAME = "$(TARGET_NAME)";
				SWIFT_EMIT_LOC_STRINGS = NO;
				SWIFT_VERSION = 5.0;
				TARGETED_DEVICE_FAMILY = "1,2";
				TEST_HOST = "$(BUILT_PRODUCTS_DIR)/WeatherWeatherLang.app/$(BUNDLE_EXECUTABLE_FOLDER_PATH)/WeatherWeatherLang";
			};
			name = Debug;
		};
		B406D91A2D7369F300C82508 /* Release */ = {
			isa = XCBuildConfiguration;
			buildSettings = {
				ALWAYS_EMBED_SWIFT_STANDARD_LIBRARIES = YES;
				BUNDLE_LOADER = "$(TEST_HOST)";
				CODE_SIGN_STYLE = Automatic;
				CURRENT_PROJECT_VERSION = 1;
				DEVELOPMENT_TEAM = LZCDEKY8W4;
				GENERATE_INFOPLIST_FILE = YES;
				IPHONEOS_DEPLOYMENT_TARGET = 17.5;
				MARKETING_VERSION = 1.0;
				PRODUCT_BUNDLE_IDENTIFIER = com.ph.WeatherWeatherLangTests;
				PRODUCT_NAME = "$(TARGET_NAME)";
				SWIFT_EMIT_LOC_STRINGS = NO;
				SWIFT_VERSION = 5.0;
				TARGETED_DEVICE_FAMILY = "1,2";
				TEST_HOST = "$(BUILT_PRODUCTS_DIR)/WeatherWeatherLang.app/$(BUNDLE_EXECUTABLE_FOLDER_PATH)/WeatherWeatherLang";
			};
			name = Release;
		};
		B406D91C2D7369F300C82508 /* Debug */ = {
			isa = XCBuildConfiguration;
			buildSettings = {
				ALWAYS_EMBED_SWIFT_STANDARD_LIBRARIES = YES;
				CODE_SIGN_STYLE = Automatic;
				CURRENT_PROJECT_VERSION = 1;
				DEVELOPMENT_TEAM = LZCDEKY8W4;
				GENERATE_INFOPLIST_FILE = YES;
				MARKETING_VERSION = 1.0;
				PRODUCT_BUNDLE_IDENTIFIER = com.ph.WeatherWeatherLangUITests;
				PRODUCT_NAME = "$(TARGET_NAME)";
				SWIFT_EMIT_LOC_STRINGS = NO;
				SWIFT_VERSION = 5.0;
				TARGETED_DEVICE_FAMILY = "1,2";
				TEST_TARGET_NAME = WeatherWeatherLang;
			};
			name = Debug;
		};
		B406D91D2D7369F300C82508 /* Release */ = {
			isa = XCBuildConfiguration;
			buildSettings = {
				ALWAYS_EMBED_SWIFT_STANDARD_LIBRARIES = YES;
				CODE_SIGN_STYLE = Automatic;
				CURRENT_PROJECT_VERSION = 1;
				DEVELOPMENT_TEAM = LZCDEKY8W4;
				GENERATE_INFOPLIST_FILE = YES;
				MARKETING_VERSION = 1.0;
				PRODUCT_BUNDLE_IDENTIFIER = com.ph.WeatherWeatherLangUITests;
				PRODUCT_NAME = "$(TARGET_NAME)";
				SWIFT_EMIT_LOC_STRINGS = NO;
				SWIFT_VERSION = 5.0;
				TARGETED_DEVICE_FAMILY = "1,2";
				TEST_TARGET_NAME = WeatherWeatherLang;
			};
			name = Release;
		};
/* End XCBuildConfiguration section */

/* Begin XCConfigurationList section */
		B406D8EA2D7369F100C82508 /* Build configuration list for PBXProject "WeatherWeatherLang" */ = {
			isa = XCConfigurationList;
			buildConfigurations = (
				B406D9132D7369F300C82508 /* Debug */,
				B406D9142D7369F300C82508 /* Release */,
			);
			defaultConfigurationIsVisible = 0;
			defaultConfigurationName = Release;
		};
		B406D9152D7369F300C82508 /* Build configuration list for PBXNativeTarget "WeatherWeatherLang" */ = {
			isa = XCConfigurationList;
			buildConfigurations = (
				B406D9162D7369F300C82508 /* Debug */,
				B406D9172D7369F300C82508 /* Release */,
			);
			defaultConfigurationIsVisible = 0;
			defaultConfigurationName = Release;
		};
		B406D9182D7369F300C82508 /* Build configuration list for PBXNativeTarget "WeatherWeatherLangTests" */ = {
			isa = XCConfigurationList;
			buildConfigurations = (
				B406D9192D7369F300C82508 /* Debug */,
				B406D91A2D7369F300C82508 /* Release */,
			);
			defaultConfigurationIsVisible = 0;
			defaultConfigurationName = Release;
		};
		B406D91B2D7369F300C82508 /* Build configuration list for PBXNativeTarget "WeatherWeatherLangUITests" */ = {
			isa = XCConfigurationList;
			buildConfigurations = (
				B406D91C2D7369F300C82508 /* Debug */,
				B406D91D2D7369F300C82508 /* Release */,
			);
			defaultConfigurationIsVisible = 0;
			defaultConfigurationName = Release;
		};
/* End XCConfigurationList section */

/* Begin XCRemoteSwiftPackageReference section */
		B406D9232D736ADC00C82508 /* XCRemoteSwiftPackageReference "Swinject" */ = {
			isa = XCRemoteSwiftPackageReference;
			repositoryURL = "https://github.com/Swinject/Swinject.git";
			requirement = {
				kind = upToNextMajorVersion;
				minimumVersion = 2.9.1;
			};
		};
		B406D9382D73787000C82508 /* XCRemoteSwiftPackageReference "lottie-ios" */ = {
			isa = XCRemoteSwiftPackageReference;
			repositoryURL = "https://github.com/airbnb/lottie-ios.git";
			requirement = {
				kind = upToNextMajorVersion;
				minimumVersion = 4.5.1;
			};
		};
		B406D9432D738A8A00C82508 /* XCRemoteSwiftPackageReference "swiftui-navigation-transitions" */ = {
			isa = XCRemoteSwiftPackageReference;
			repositoryURL = "https://github.com/davdroman/swiftui-navigation-transitions.git";
			requirement = {
				kind = upToNextMajorVersion;
				minimumVersion = 0.14.0;
			};
		};
		B4EA88682D74A7DB00E0ACCF /* XCRemoteSwiftPackageReference "SwiftLintPlugins" */ = {
			isa = XCRemoteSwiftPackageReference;
			repositoryURL = "https://github.com/SimplyDanny/SwiftLintPlugins";
			requirement = {
				kind = upToNextMajorVersion;
				minimumVersion = 0.58.2;
			};
		};
/* End XCRemoteSwiftPackageReference section */

/* Begin XCSwiftPackageProductDependency section */
		B406D9242D736ADC00C82508 /* Swinject */ = {
			isa = XCSwiftPackageProductDependency;
			package = B406D9232D736ADC00C82508 /* XCRemoteSwiftPackageReference "Swinject" */;
			productName = Swinject;
		};
		B406D9392D73787000C82508 /* Lottie */ = {
			isa = XCSwiftPackageProductDependency;
			package = B406D9382D73787000C82508 /* XCRemoteSwiftPackageReference "lottie-ios" */;
			productName = Lottie;
		};
		B406D9442D738A8A00C82508 /* NavigationTransitions */ = {
			isa = XCSwiftPackageProductDependency;
			package = B406D9432D738A8A00C82508 /* XCRemoteSwiftPackageReference "swiftui-navigation-transitions" */;
			productName = NavigationTransitions;
		};
		B43F74D62D74A94800EE2C03 /* SwiftLintBuildToolPlugin */ = {
			isa = XCSwiftPackageProductDependency;
			package = B4EA88682D74A7DB00E0ACCF /* XCRemoteSwiftPackageReference "SwiftLintPlugins" */;
			productName = "plugin:SwiftLintBuildToolPlugin";
		};
/* End XCSwiftPackageProductDependency section */
	};
	rootObject = B406D8E72D7369F100C82508 /* Project object */;
}
