{"sourceFilePaths":[{"path":"\/Users\/jorelkimcruz\/Documents\/workspace-swift\/WeatherWeatherLang\/MockingbirdMocks\/WeatherWeatherLangTests-WeatherWeatherLangMocks.generated.swift","hash":"5cd2723e3cf45f7b3567debb13a23b109a22f2a5"},{"path":"\/Users\/jorelkimcruz\/Documents\/workspace-swift\/WeatherWeatherLang\/WeatherWeatherLangTests\/Dashboard\/DashboardTests.swift","hash":"23136eddaec0e5ad19a2baeeff61bda9609b9286"},{"path":"\/Users\/jorelkimcruz\/Documents\/workspace-swift\/WeatherWeatherLang\/WeatherWeatherLangTests\/Dashboard\/Di.swift","hash":"4d24a2daf2a83c93e80720103b8e6f06eaaecd06"}],"sourceRoot":"\/Users\/jorelkimcruz\/Documents\/workspace-swift\/WeatherWeatherLang","mockedTypeNames":["\/Users\/jorelkimcruz\/Documents\/workspace-swift\/WeatherWeatherLang\/WeatherWeatherLangTests\/Dashboard\/Di.swift",[],"\/Users\/jorelkimcruz\/Documents\/workspace-swift\/WeatherWeatherLang\/WeatherWeatherLangTests\/Dashboard\/DashboardTests.swift",["OpenMeteoRepository","WeatherForecastProtocol"]],"cliVersion":"0.20.0","productModuleName":"WeatherWeatherLangTests","projectHash":"5267d58896dfedd6d1780a35cc6fdde221f9e19a","name":"WeatherWeatherLangTests","dependencies":[]}