{"targetPathsHash":"a6c90faff0c9729ccc3821a44fb1e0f0d11479e7","projectHash":"5267d58896dfedd6d1780a35cc6fdde221f9e19a","mockedTypesHash":"8ce6d97fa93a339bbfb4a6dc07885480fc79e69b","name":"WeatherWeatherLang","dependencyPathsHash":"0f976444d0dc19be350f00b610bceae808a802b7","productModuleName":"WeatherWeatherLang","cliVersion":"0.20.0","sourceFilePaths":[{"hash":"6476ba62476b829d40f2cd5c5c62c12fe25943af","path":"\/Users\/jorelkimcruz\/Documents\/workspace-swift\/WeatherWeatherLang\/WeatherWeatherLang\/App\/Main.swift"},{"path":"\/Users\/jorelkimcruz\/Documents\/workspace-swift\/WeatherWeatherLang\/WeatherWeatherLang\/App\/Routes.swift","hash":"f9631740970b60c1797bf61be1c941f4c79d2d4b"},{"path":"\/Users\/jorelkimcruz\/Documents\/workspace-swift\/WeatherWeatherLang\/WeatherWeatherLang\/Core\/Coordinator\/Coordinator.swift","hash":"a63b96bb755185dde271521c7f1bf46fb6674cd1"},{"path":"\/Users\/jorelkimcruz\/Documents\/workspace-swift\/WeatherWeatherLang\/WeatherWeatherLang\/Core\/DependencyInjection\/DependencyInjectionError.swift","hash":"7ad9c2d60f5f5dc8cc3ec688d733e974761e1614"},{"path":"\/Users\/jorelkimcruz\/Documents\/workspace-swift\/WeatherWeatherLang\/WeatherWeatherLang\/Core\/DependencyInjection\/DependencyInjectionInitializer+API.swift","hash":"da1f6b1ad989ab23671ad3a99d56c7e823f48fcc"},{"path":"\/Users\/jorelkimcruz\/Documents\/workspace-swift\/WeatherWeatherLang\/WeatherWeatherLang\/Core\/DependencyInjection\/DependencyInjectionInitializer+Repository.swift","hash":"8342d7037c322f4866bb3cbeb79961f0f8e67469"},{"hash":"f71db4cdd752b6485de15553b2ce474933e95a47","path":"\/Users\/jorelkimcruz\/Documents\/workspace-swift\/WeatherWeatherLang\/WeatherWeatherLang\/Core\/DependencyInjection\/DependencyInjectionInitializer+usecase.swift"},{"hash":"bb22ef234165ca2a5a613933dc073aecb20e9e3b","path":"\/Users\/jorelkimcruz\/Documents\/workspace-swift\/WeatherWeatherLang\/WeatherWeatherLang\/Core\/DependencyInjection\/DependencyInjectionInitializer+viewmodel.swift"},{"path":"\/Users\/jorelkimcruz\/Documents\/workspace-swift\/WeatherWeatherLang\/WeatherWeatherLang\/Core\/DependencyInjection\/DependencyInjectionInitializer.swift","hash":"c31928bc26b14422e3ce737483674c66ade1306f"},{"path":"\/Users\/jorelkimcruz\/Documents\/workspace-swift\/WeatherWeatherLang\/WeatherWeatherLang\/Core\/JailBreakDetection\/JailbreakDetection.swift","hash":"4b36608d1684f133b300a56578db9bb2155c96e6"},{"path":"\/Users\/jorelkimcruz\/Documents\/workspace-swift\/WeatherWeatherLang\/WeatherWeatherLang\/Data\/Source\/API\/API.swift","hash":"5d5e70be059c20db8c49a7bc6bb70c07bd18708a"},{"hash":"fb65457da360366615516c4be11b9c836a349f3c","path":"\/Users\/jorelkimcruz\/Documents\/workspace-swift\/WeatherWeatherLang\/WeatherWeatherLang\/Data\/Source\/Model\/Request\/WeatherRequest.swift"},{"path":"\/Users\/jorelkimcruz\/Documents\/workspace-swift\/WeatherWeatherLang\/WeatherWeatherLang\/Data\/Source\/Model\/Response\/Forecast.swift","hash":"6c390b14d57c91c25f802b695a77e9f8003e88a9"},{"hash":"ec899ad7f107e5adf367afe6fa5e341960d01b1a","path":"\/Users\/jorelkimcruz\/Documents\/workspace-swift\/WeatherWeatherLang\/WeatherWeatherLang\/Data\/Source\/Model\/Response\/TemperatureUnit.swift"},{"hash":"7232f78038677816ea5a91a7306f2d17ffed430b","path":"\/Users\/jorelkimcruz\/Documents\/workspace-swift\/WeatherWeatherLang\/WeatherWeatherLang\/Data\/Source\/Model\/Response\/WeatherForecastResponse.swift"},{"hash":"5776c7ecc60ff9db0f9dcab239e082c144b79dbe","path":"\/Users\/jorelkimcruz\/Documents\/workspace-swift\/WeatherWeatherLang\/WeatherWeatherLang\/Data\/Source\/Repository\/OpenMeteoRepositoryImplementation.swift"},{"hash":"57b53dc59cac10923ef6a8a958a4120c89d6c5c9","path":"\/Users\/jorelkimcruz\/Documents\/workspace-swift\/WeatherWeatherLang\/WeatherWeatherLang\/Domain\/Entity\/WeatherForecast.swift"},{"path":"\/Users\/jorelkimcruz\/Documents\/workspace-swift\/WeatherWeatherLang\/WeatherWeatherLang\/Domain\/Repository\/OpenMeteoRepository.swift","hash":"e676ed2b013ecea3fe79bb3bb2ad51be0e11ab00"},{"hash":"930a670bbdbe0be00d5853e39a8bf6e2a0d13c39","path":"\/Users\/jorelkimcruz\/Documents\/workspace-swift\/WeatherWeatherLang\/WeatherWeatherLang\/Domain\/Usecase\/GetWeatherUsecase.swift"},{"path":"\/Users\/jorelkimcruz\/Documents\/workspace-swift\/WeatherWeatherLang\/WeatherWeatherLang\/Presentation\/Assets\/Constants\/Colors.swift","hash":"91c9c39199f528cced2a320ae65533e960425d6b"},{"path":"\/Users\/jorelkimcruz\/Documents\/workspace-swift\/WeatherWeatherLang\/WeatherWeatherLang\/Presentation\/Assets\/Constants\/Images.swift","hash":"d3afd8d12cb55b179e1672d4d43d7075abe63f4d"},{"path":"\/Users\/jorelkimcruz\/Documents\/workspace-swift\/WeatherWeatherLang\/WeatherWeatherLang\/Presentation\/Assets\/Constants\/Lottie.swift","hash":"3b913a8a56dba2c4d82a26f4e9a2803a50b83ff2"},{"path":"\/Users\/jorelkimcruz\/Documents\/workspace-swift\/WeatherWeatherLang\/WeatherWeatherLang\/Presentation\/Assets\/Themes\/DarkTheme.swift","hash":"54d0ffac91d444301eba3cc49f12ba9ea85bdfcb"},{"hash":"d995326f674b068b4d13fb390ba6a2a8bcf20ae9","path":"\/Users\/jorelkimcruz\/Documents\/workspace-swift\/WeatherWeatherLang\/WeatherWeatherLang\/Presentation\/Assets\/Themes\/LightTheme.swift"},{"path":"\/Users\/jorelkimcruz\/Documents\/workspace-swift\/WeatherWeatherLang\/WeatherWeatherLang\/Presentation\/Assets\/Themes\/Theme.swift","hash":"6c094c4aa86e9effe85dba830d1c558ef50064b0"},{"hash":"172346362868808f91d6ad11913b49878ae57a56","path":"\/Users\/jorelkimcruz\/Documents\/workspace-swift\/WeatherWeatherLang\/WeatherWeatherLang\/Presentation\/Assets\/Themes\/ThemeManager.swift"},{"hash":"c90f778b296fb3a080778904a8b436df8d584882","path":"\/Users\/jorelkimcruz\/Documents\/workspace-swift\/WeatherWeatherLang\/WeatherWeatherLang\/Presentation\/Components\/ErrorView.swift"},{"hash":"f093a16887d940d406dc110f517ede5929308b42","path":"\/Users\/jorelkimcruz\/Documents\/workspace-swift\/WeatherWeatherLang\/WeatherWeatherLang\/Presentation\/Components\/LoadingView.swift"},{"path":"\/Users\/jorelkimcruz\/Documents\/workspace-swift\/WeatherWeatherLang\/WeatherWeatherLang\/Presentation\/Components\/NotSafeView.swift","hash":"ab38e7374a87b23f7ffcaef0c16ab0535e5a2bd0"},{"hash":"a90d85fbf0511c3bb1706b9f26b1f74d8f8236a8","path":"\/Users\/jorelkimcruz\/Documents\/workspace-swift\/WeatherWeatherLang\/WeatherWeatherLang\/Presentation\/Components\/State\/ViewState.swift"},{"hash":"daa36891ddfe279915afb49f08b72f0b8e5b87b0","path":"\/Users\/jorelkimcruz\/Documents\/workspace-swift\/WeatherWeatherLang\/WeatherWeatherLang\/Presentation\/Features\/Splash\/SplashView.swift"},{"hash":"93643f13bfd023ea735c0d41918b9f3b917e463d","path":"\/Users\/jorelkimcruz\/Documents\/workspace-swift\/WeatherWeatherLang\/WeatherWeatherLang\/Presentation\/Features\/dashboard\/DashboardView.swift"},{"hash":"6a4b5affe831cd8f8529c523f5cd4e27d1102bd9","path":"\/Users\/jorelkimcruz\/Documents\/workspace-swift\/WeatherWeatherLang\/WeatherWeatherLang\/Presentation\/Features\/dashboard\/DashboardViewModel.swift"}],"supportingFilePaths":[{"path":"\/Users\/jorelkimcruz\/Documents\/workspace-swift\/WeatherWeatherLang\/MockingbirdSupport\/AppKit\/NSResponder.swift","hash":"21296949c6d570892c8665a450e62c234c938790"},{"path":"\/Users\/jorelkimcruz\/Documents\/workspace-swift\/WeatherWeatherLang\/MockingbirdSupport\/AppKit\/NSView.swift","hash":"85b3183be144012a7e105e292426c3d9f8966072"},{"hash":"d8785e8a119f2723c8840534df0ad8ac61409797","path":"\/Users\/jorelkimcruz\/Documents\/workspace-swift\/WeatherWeatherLang\/MockingbirdSupport\/AppKit\/NSViewController.swift"},{"hash":"cf466772b8c2d80d31f34b93b501b398fbb8854d","path":"\/Users\/jorelkimcruz\/Documents\/workspace-swift\/WeatherWeatherLang\/MockingbirdSupport\/Foundation\/ObjectiveC\/NSObject.swift"},{"path":"\/Users\/jorelkimcruz\/Documents\/workspace-swift\/WeatherWeatherLang\/MockingbirdSupport\/Foundation\/ObjectiveC\/NSObject.swift","hash":"cf466772b8c2d80d31f34b93b501b398fbb8854d"},{"path":"\/Users\/jorelkimcruz\/Documents\/workspace-swift\/WeatherWeatherLang\/MockingbirdSupport\/Swift\/Codable.swift","hash":"57675d8b36a2db7b093b3542bd3225a88992c3bc"},{"hash":"d0d110744eeaf2f8fdd2f8a41df3452f35286bb7","path":"\/Users\/jorelkimcruz\/Documents\/workspace-swift\/WeatherWeatherLang\/MockingbirdSupport\/Swift\/Comparable.swift"},{"hash":"2e7674f4e23a5ab7aef45b91b63c0ed5934c3b83","path":"\/Users\/jorelkimcruz\/Documents\/workspace-swift\/WeatherWeatherLang\/MockingbirdSupport\/Swift\/Equatable.swift"},{"hash":"f59ec249aa03e312f2bda7c3b397c0dccd880a21","path":"\/Users\/jorelkimcruz\/Documents\/workspace-swift\/WeatherWeatherLang\/MockingbirdSupport\/Swift\/Hashable.swift"},{"hash":"c139249ec5799f1ec64c3d9e7d8c1f286b894035","path":"\/Users\/jorelkimcruz\/Documents\/workspace-swift\/WeatherWeatherLang\/MockingbirdSupport\/Swift\/Misc.swift"},{"hash":"9363a4c38002598dbbc1198f16fe7198b8151d24","path":"\/Users\/jorelkimcruz\/Documents\/workspace-swift\/WeatherWeatherLang\/MockingbirdSupport\/UIKit\/UIControl.swift"},{"path":"\/Users\/jorelkimcruz\/Documents\/workspace-swift\/WeatherWeatherLang\/MockingbirdSupport\/UIKit\/UILabel.swift","hash":"e26a734695bfe008598ed0d8c936683db78f40ac"},{"path":"\/Users\/jorelkimcruz\/Documents\/workspace-swift\/WeatherWeatherLang\/MockingbirdSupport\/UIKit\/UIView.swift","hash":"10e6b03a9c5a76f720c17fcb82af82ff66994926"},{"path":"\/Users\/jorelkimcruz\/Documents\/workspace-swift\/WeatherWeatherLang\/MockingbirdSupport\/UIKit\/UIViewController.swift","hash":"bbd8980a22029f339b0e8746124fd06d94730570"}],"configHash":"ca2ed44e95fa8b80df600ee87188917a59719a0a","dependencies":[],"sourceRoot":"\/Users\/jorelkimcruz\/Documents\/workspace-swift\/WeatherWeatherLang","outputHash":"5cd2723e3cf45f7b3567debb13a23b109a22f2a5"}